
Microsoft Visual Studio Solution File, Format Version 12.00
# Visual Studio Version 16
VisualStudioVersion = 16.0.32802.440
MinimumVisualStudioVersion = 10.0.40219.1
Project("{FAE04EC0-301F-11D3-BF4B-00C04F79EFBC}") = "Com-Parser-2", "Com-Parser-2.csproj", "{AC97CA41-C02F-48FB-AB48-07C28EB7144B}"
EndProject
Project("{FAE04EC0-301F-11D3-BF4B-00C04F79EFBC}") = "Com-Parser-2_client", "..\Com-Parser-2_client\Com-Parser-2_client.csproj", "{0B2361CE-AFD6-4673-8E36-59921E837C92}"
EndProject
Global
	GlobalSection(SolutionConfigurationPlatforms) = preSolution
		Debug|Any CPU = Debug|Any CPU
		Release|Any CPU = Release|Any CPU
	EndGlobalSection
	GlobalSection(ProjectConfigurationPlatforms) = postSolution
		{AC97CA41-C02F-48FB-AB48-07C28EB7144B}.Debug|Any CPU.ActiveCfg = Debug|Any CPU
		{AC97CA41-C02F-48FB-AB48-07C28EB7144B}.Debug|Any CPU.Build.0 = Debug|Any CPU
		{AC97CA41-C02F-48FB-AB48-07C28EB7144B}.Release|Any CPU.ActiveCfg = Release|Any CPU
		{AC97CA41-C02F-48FB-AB48-07C28EB7144B}.Release|Any CPU.Build.0 = Release|Any CPU
		{0B2361CE-AFD6-4673-8E36-59921E837C92}.Debug|Any CPU.ActiveCfg = Debug|Any CPU
		{0B2361CE-AFD6-4673-8E36-59921E837C92}.Debug|Any CPU.Build.0 = Debug|Any CPU
		{0B2361CE-AFD6-4673-8E36-59921E837C92}.Release|Any CPU.ActiveCfg = Release|Any CPU
		{0B2361CE-AFD6-4673-8E36-59921E837C92}.Release|Any CPU.Build.0 = Release|Any CPU
	EndGlobalSection
	GlobalSection(SolutionProperties) = preSolution
		HideSolutionNode = FALSE
	EndGlobalSection
	GlobalSection(ExtensibilityGlobals) = postSolution
		SolutionGuid = {DA34AD51-99E7-4D7F-AAFF-F99730FA19BF}
	EndGlobalSection
EndGlobal
